<?xml version="1.0" encoding="utf-8"?>
<Project ToolsVersion="4.0" xmlns="http://schemas.microsoft.com/developer/msbuild/2003">
  <ItemGroup>
    <Filter Include="Resource Files">
      <UniqueIdentifier>{67DA6AB6-F800-4c08-8B7A-83BB121AAD01}</UniqueIdentifier>
      <Extensions>rc;ico;cur;bmp;dlg;rc2;rct;bin;rgs;gif;jpg;jpeg;jpe;resx;tiff;tif;png;wav;mfcribbon-ms</Extensions>
    </Filter>
    <Filter Include="FileSystem">
      <UniqueIdentifier>{a56e68c8-bf36-4071-bb51-994d310c7735}</UniqueIdentifier>
    </Filter>
    <Filter Include="Networking">
      <UniqueIdentifier>{0962ee2f-6388-4942-b146-a16f9580183b}</UniqueIdentifier>
    </Filter>
    <Filter Include="Logging">
      <UniqueIdentifier>{4a12ee8f-a0a7-4348-812f-5633d51625fc}</UniqueIdentifier>
    </Filter>
    <Filter Include="Factories">
      <UniqueIdentifier>{7405399d-921d-4b06-b904-bcb4f0e77c72}</UniqueIdentifier>
    </Filter>
    <Filter Include="Utility">
      <UniqueIdentifier>{67b81155-71cb-42f5-92bf-b330f79802d4}</UniqueIdentifier>
    </Filter>
    <Filter Include="Model">
      <UniqueIdentifier>{72efc5ca-f5d0-4bab-9834-ba65b8be6fce}</UniqueIdentifier>
    </Filter>
    <Filter Include="Configuration">
      <UniqueIdentifier>{dd13cc35-f7e0-4a00-b7f4-a5c82470e150}</UniqueIdentifier>
    </Filter>
  </ItemGroup>
  <ItemGroup>
    <ClCompile Include="FileSystemWatcher.cpp">
      <Filter>FileSystem</Filter>
    </ClCompile>
    <ClCompile Include="MediaServer.cpp" />
    <ClCompile Include="Logger.cpp">
      <Filter>Logging</Filter>
    </ClCompile>
    <ClCompile Include="WinTcpServer.cpp">
      <Filter>Networking</Filter>
    </ClCompile>
    <ClCompile Include="TcpServerFactory.cpp">
      <Filter>Factories</Filter>
    </ClCompile>
    <ClCompile Include="WinFSWatcher.cpp">
      <Filter>FileSystem</Filter>
    </ClCompile>
    <ClCompile Include="main.cpp" />
    <ClCompile Include="MessageQueue.cpp">
      <Filter>Utility</Filter>
    </ClCompile>
    <ClCompile Include="JsonNode.cpp">
      <Filter>Utility</Filter>
    </ClCompile>
    <ClCompile Include="RestApi.cpp">
      <Filter>Networking</Filter>
    </ClCompile>
    <ClCompile Include="ScopedFunction.cpp">
      <Filter>Utility</Filter>
    </ClCompile>
    <ClCompile Include="XmlNode.cpp">
      <Filter>Utility</Filter>
    </ClCompile>
    <ClCompile Include="CommonDefines.cpp" />
    <ClCompile Include="IConfiguration.cpp">
      <Filter>Configuration</Filter>
    </ClCompile>
    <ClCompile Include="Configuration.cpp">
      <Filter>Configuration</Filter>
    </ClCompile>
    <ClCompile Include="CommonMedia.cpp">
      <Filter>Model</Filter>
    </ClCompile>
    <ClCompile Include="TvShow.cpp">
      <Filter>Model</Filter>
    </ClCompile>
    <ClCompile Include="GeneralUtilities.cpp">
      <Filter>Utility</Filter>
    </ClCompile>
    <ClCompile Include="StreamWriter.cpp">
      <Filter>Utility</Filter>
    </ClCompile>
  </ItemGroup>
  <ItemGroup>
    <ClInclude Include="FileSystemWatcher.h">
      <Filter>FileSystem</Filter>
    </ClInclude>
    <ClInclude Include="ITcpServer.h">
      <Filter>Networking</Filter>
    </ClInclude>
    <ClInclude Include="Logger.h">
      <Filter>Logging</Filter>
    </ClInclude>
    <ClInclude Include="WinTcpServer.h">
      <Filter>Networking</Filter>
    </ClInclude>
    <ClInclude Include="TcpServerFactory.h">
      <Filter>Factories</Filter>
    </ClInclude>
    <ClInclude Include="WinFSWatcher.h">
      <Filter>FileSystem</Filter>
    </ClInclude>
    <ClInclude Include="MediaServer.h" />
    <ClInclude Include="MessageQueue.h">
      <Filter>Utility</Filter>
    </ClInclude>
    <ClInclude Include="JsonNode.h">
      <Filter>Utility</Filter>
    </ClInclude>
    <ClInclude Include="CommonDefines.h" />
    <ClInclude Include="RestApi.h">
      <Filter>Networking</Filter>
    </ClInclude>
    <ClInclude Include="ScopedFunction.h">
      <Filter>Utility</Filter>
    </ClInclude>
    <ClInclude Include="XmlNode.h">
      <Filter>Utility</Filter>
    </ClInclude>
    <ClInclude Include="ILogger.h">
      <Filter>Logging</Filter>
    </ClInclude>
    <ClInclude Include="IMessageQueue.h">
      <Filter>Utility</Filter>
    </ClInclude>
    <ClInclude Include="IConfiguration.h">
      <Filter>Configuration</Filter>
    </ClInclude>
    <ClInclude Include="Configuration.h">
      <Filter>Configuration</Filter>
    </ClInclude>
    <ClInclude Include="CommonMedia.h">
      <Filter>Model</Filter>
    </ClInclude>
    <ClInclude Include="TvShow.h">
      <Filter>Model</Filter>
    </ClInclude>
    <ClInclude Include="GeneralUtilities.h">
      <Filter>Utility</Filter>
    </ClInclude>
    <ClInclude Include="StreamWriter.h">
      <Filter>Utility</Filter>
    </ClInclude>
  </ItemGroup>
</Project>